
Microsoft Visual Studio Solution File, Format Version 12.00
# Visual Studio Version 16
VisualStudioVersion = 16.0.31911.196
MinimumVisualStudioVersion = 10.0.40219.1
Project("{FAE04EC0-301F-11D3-BF4B-00C04F79EFBC}") = "MyProfile", "MyProfile\MyProfile.csproj", "{586B750F-545D-4323-9478-CF17E9DE4858}"
EndProject
Global
	GlobalSection(SolutionConfigurationPlatforms) = preSolution
		Debug|Any CPU = Debug|Any CPU
		Release|Any CPU = Release|Any CPU
	EndGlobalSection
	GlobalSection(ProjectConfigurationPlatforms) = postSolution
		{586B750F-545D-4323-9478-CF17E9DE4858}.Debug|Any CPU.ActiveCfg = Debug|Any CPU
		{586B750F-545D-4323-9478-CF17E9DE4858}.Debug|Any CPU.Build.0 = Debug|Any CPU
		{586B750F-545D-4323-9478-CF17E9DE4858}.Release|Any CPU.ActiveCfg = Release|Any CPU
		{586B750F-545D-4323-9478-CF17E9DE4858}.Release|Any CPU.Build.0 = Release|Any CPU
	EndGlobalSection
	GlobalSection(SolutionProperties) = preSolution
		HideSolutionNode = FALSE
	EndGlobalSection
	GlobalSection(ExtensibilityGlobals) = postSolution
		SolutionGuid = {A86492CE-7632-4769-811E-2D43EDF0EF72}
	EndGlobalSection
EndGlobal
